// !$*UTF8*$!
{
	archiveVersion = 1;
	classes = {
	};
	objectVersion = 56;
	objects = {

/* Begin PBXBuildFile section */
		7780877F2AA9852400E0EE94 /* SampleAnimation.swift in Sources */ = {isa = PBXBuildFile; fileRef = 7780877E2AA9852400E0EE94 /* SampleAnimation.swift */; };
		77D4B4CF2AA491D600823D36 /* AnimatedLogoSwiftUIApp.swift in Sources */ = {isa = PBXBuildFile; fileRef = 77D4B4CE2AA491D600823D36 /* AnimatedLogoSwiftUIApp.swift */; };
		77D4B4D12AA491D600823D36 /* ContentView.swift in Sources */ = {isa = PBXBuildFile; fileRef = 77D4B4D02AA491D600823D36 /* ContentView.swift */; };
		77D4B4D32AA491D600823D36 /* Assets.xcassets in Resources */ = {isa = PBXBuildFile; fileRef = 77D4B4D22AA491D600823D36 /* Assets.xcassets */; };
		77D4B4D62AA491D600823D36 /* Preview Assets.xcassets in Resources */ = {isa = PBXBuildFile; fileRef = 77D4B4D52AA491D600823D36 /* Preview Assets.xcassets */; };
		77D4B4DD2AA493D800823D36 /* Logo.swift in Sources */ = {isa = PBXBuildFile; fileRef = 77D4B4DC2AA493D800823D36 /* Logo.swift */; };
		77D4B4DF2AA4DFC000823D36 /* SparklingStar.swift in Sources */ = {isa = PBXBuildFile; fileRef = 77D4B4DE2AA4DFC000823D36 /* SparklingStar.swift */; };
		77D4B4E12AA4E3BE00823D36 /* GalaxyOfStars.swift in Sources */ = {isa = PBXBuildFile; fileRef = 77D4B4E02AA4E3BE00823D36 /* GalaxyOfStars.swift */; };
/* End PBXBuildFile section */

/* Begin PBXFileReference section */
		7780877E2AA9852400E0EE94 /* SampleAnimation.swift */ = {isa = PBXFileReference; lastKnownFileType = sourcecode.swift; path = SampleAnimation.swift; sourceTree = "<group>"; };
		77D4B4CB2AA491D600823D36 /* AnimatedLogoSwiftUI.app */ = {isa = PBXFileReference; explicitFileType = wrapper.application; includeInIndex = 0; path = AnimatedLogoSwiftUI.app; sourceTree = BUILT_PRODUCTS_DIR; };
		77D4B4CE2AA491D600823D36 /* AnimatedLogoSwiftUIApp.swift */ = {isa = PBXFileReference; lastKnownFileType = sourcecode.swift; path = AnimatedLogoSwiftUIApp.swift; sourceTree = "<group>"; };
		77D4B4D02AA491D600823D36 /* ContentView.swift */ = {isa = PBXFileReference; lastKnownFileType = sourcecode.swift; path = ContentView.swift; sourceTree = "<group>"; };
		77D4B4D22AA491D600823D36 /* Assets.xcassets */ = {isa = PBXFileReference; lastKnownFileType = folder.assetcatalog; path = Assets.xcassets; sourceTree = "<group>"; };
		77D4B4D52AA491D600823D36 /* Preview Assets.xcassets */ = {isa = PBXFileReference; lastKnownFileType = folder.assetcatalog; path = "Preview Assets.xcassets"; sourceTree = "<group>"; };
		77D4B4DC2AA493D800823D36 /* Logo.swift */ = {isa = PBXFileReference; lastKnownFileType = sourcecode.swift; path = Logo.swift; sourceTree = "<group>"; };
		77D4B4DE2AA4DFC000823D36 /* SparklingStar.swift */ = {isa = PBXFileReference; lastKnownFileType = sourcecode.swift; path = SparklingStar.swift; sourceTree = "<group>"; };
		77D4B4E02AA4E3BE00823D36 /* GalaxyOfStars.swift */ = {isa = PBXFileReference; lastKnownFileType = sourcecode.swift; path = GalaxyOfStars.swift; sourceTree = "<group>"; };
/* End PBXFileReference section */

/* Begin PBXFrameworksBuildPhase section */
		77D4B4C82AA491D600823D36 /* Frameworks */ = {
			isa = PBXFrameworksBuildPhase;
			buildActionMask = 2147483647;
			files = (
			);
			runOnlyForDeploymentPostprocessing = 0;
		};
/* End PBXFrameworksBuildPhase section */

/* Begin PBXGroup section */
		77D4B4C22AA491D600823D36 = {
			isa = PBXGroup;
			children = (
				77D4B4CD2AA491D600823D36 /* AnimatedLogoSwiftUI */,
				77D4B4CC2AA491D600823D36 /* Products */,
			);
			sourceTree = "<group>";
		};
		77D4B4CC2AA491D600823D36 /* Products */ = {
			isa = PBXGroup;
			children = (
				77D4B4CB2AA491D600823D36 /* AnimatedLogoSwiftUI.app */,
			);
			name = Products;
			sourceTree = "<group>";
		};
		77D4B4CD2AA491D600823D36 /* AnimatedLogoSwiftUI */ = {
			isa = PBXGroup;
			children = (
				77D4B4CE2AA491D600823D36 /* AnimatedLogoSwiftUIApp.swift */,
				77D4B4D02AA491D600823D36 /* ContentView.swift */,
				77D4B4DC2AA493D800823D36 /* Logo.swift */,
				77D4B4DE2AA4DFC000823D36 /* SparklingStar.swift */,
				77D4B4E02AA4E3BE00823D36 /* GalaxyOfStars.swift */,
				7780877E2AA9852400E0EE94 /* SampleAnimation.swift */,
				77D4B4D22AA491D600823D36 /* Assets.xcassets */,
				77D4B4D42AA491D600823D36 /* Preview Content */,
			);
			path = AnimatedLogoSwiftUI;
			sourceTree = "<group>";
		};
		77D4B4D42AA491D600823D36 /* Preview Content */ = {
			isa = PBXGroup;
			children = (
				77D4B4D52AA491D600823D36 /* Preview Assets.xcassets */,
			);
			path = "Preview Content";
			sourceTree = "<group>";
		};
/* End PBXGroup section */

/* Begin PBXNativeTarget section */
		77D4B4CA2AA491D600823D36 /* AnimatedLogoSwiftUI */ = {
			isa = PBXNativeTarget;
			buildConfigurationList = 77D4B4D92AA491D600823D36 /* Build configuration list for PBXNativeTarget "AnimatedLogoSwiftUI" */;
			buildPhases = (
				77D4B4C72AA491D600823D36 /* Sources */,
				77D4B4C82AA491D600823D36 /* Frameworks */,
				77D4B4C92AA491D600823D36 /* Resources */,
			);
			buildRules = (
			);
			dependencies = (
			);
			name = AnimatedLogoSwiftUI;
			productName = AnimatedLogoSwiftUI;
			productReference = 77D4B4CB2AA491D600823D36 /* AnimatedLogoSwiftUI.app */;
			productType = "com.apple.product-type.application";
		};
/* End PBXNativeTarget section */

/* Begin PBXProject section */
		77D4B4C32AA491D600823D36 /* Project object */ = {
			isa = PBXProject;
			attributes = {
				BuildIndependentTargetsInParallel = 1;
				LastSwiftUpdateCheck = 1430;
				LastUpgradeCheck = 1430;
				TargetAttributes = {
					77D4B4CA2AA491D600823D36 = {
						CreatedOnToolsVersion = 14.3.1;
					};
				};
			};
			buildConfigurationList = 77D4B4C62AA491D600823D36 /* Build configuration list for PBXProject "AnimatedLogoSwiftUI" */;
			compatibilityVersion = "Xcode 14.0";
			developmentRegion = en;
			hasScannedForEncodings = 0;
			knownRegions = (
				en,
				Base,
			);
			mainGroup = 77D4B4C22AA491D600823D36;
			productRefGroup = 77D4B4CC2AA491D600823D36 /* Products */;
			projectDirPath = "";
			projectRoot = "";
			targets = (
				77D4B4CA2AA491D600823D36 /* AnimatedLogoSwiftUI */,
			);
		};
/* End PBXProject section */

/* Begin PBXResourcesBuildPhase section */
		77D4B4C92AA491D600823D36 /* Resources */ = {
			isa = PBXResourcesBuildPhase;
			buildActionMask = 2147483647;
			files = (
				77D4B4D62AA491D600823D36 /* Preview Assets.xcassets in Resources */,
				77D4B4D32AA491D600823D36 /* Assets.xcassets in Resources */,
			);
			runOnlyForDeploymentPostprocessing = 0;
		};
/* End PBXResourcesBuildPhase section */

/* Begin PBXSourcesBuildPhase section */
		77D4B4C72AA491D600823D36 /* Sources */ = {
			isa = PBXSourcesBuildPhase;
			buildActionMask = 2147483647;
			files = (
				77D4B4E12AA4E3BE00823D36 /* GalaxyOfStars.swift in Sources */,
				77D4B4DF2AA4DFC000823D36 /* SparklingStar.swift in Sources */,
				7780877F2AA9852400E0EE94 /* SampleAnimation.swift in Sources */,
				77D4B4D12AA491D600823D36 /* ContentView.swift in Sources */,
				77D4B4DD2AA493D800823D36 /* Logo.swift in Sources */,
				77D4B4CF2AA491D600823D36 /* AnimatedLogoSwiftUIApp.swift in Sources */,
			);
			runOnlyForDeploymentPostprocessing = 0;
		};
/* End PBXSourcesBuildPhase section */

/* Begin XCBuildConfiguration section */
		77D4B4D72AA491D600823D36 /* Debug */ = {
			isa = XCBuildConfiguration;
			buildSettings = {
				ALWAYS_SEARCH_USER_PATHS = NO;
				CLANG_ANALYZER_NONNULL = YES;
				CLANG_ANALYZER_NUMBER_OBJECT_CONVERSION = YES_AGGRESSIVE;
				CLANG_CXX_LANGUAGE_STANDARD = "gnu++20";
				CLANG_ENABLE_MODULES = YES;
				CLANG_ENABLE_OBJC_ARC = YES;
				CLANG_ENABLE_OBJC_WEAK = YES;
				CLANG_WARN_BLOCK_CAPTURE_AUTORELEASING = YES;
				CLANG_WARN_BOOL_CONVERSION = YES;
				CLANG_WARN_COMMA = YES;
				CLANG_WARN_CONSTANT_CONVERSION = YES;
				CLANG_WARN_DEPRECATED_OBJC_IMPLEMENTATIONS = YES;
				CLANG_WARN_DIRECT_OBJC_ISA_USAGE = YES_ERROR;
				CLANG_WARN_DOCUMENTATION_COMMENTS = YES;
				CLANG_WARN_EMPTY_BODY = YES;
				CLANG_WARN_ENUM_CONVERSION = YES;
				CLANG_WARN_INFINITE_RECURSION = YES;
				CLANG_WARN_INT_CONVERSION = YES;
				CLANG_WARN_NON_LITERAL_NULL_CONVERSION = YES;
				CLANG_WARN_OBJC_IMPLICIT_RETAIN_SELF = YES;
				CLANG_WARN_OBJC_LITERAL_CONVERSION = YES;
				CLANG_WARN_OBJC_ROOT_CLASS = YES_ERROR;
				CLANG_WARN_QUOTED_INCLUDE_IN_FRAMEWORK_HEADER = YES;
				CLANG_WARN_RANGE_LOOP_ANALYSIS = YES;
				CLANG_WARN_STRICT_PROTOTYPES = YES;
				CLANG_WARN_SUSPICIOUS_MOVE = YES;
				CLANG_WARN_UNGUARDED_AVAILABILITY = YES_AGGRESSIVE;
				CLANG_WARN_UNREACHABLE_CODE = YES;
				CLANG_WARN__DUPLICATE_METHOD_MATCH = YES;
				COPY_PHASE_STRIP = NO;
				DEBUG_INFORMATION_FORMAT = dwarf;
				ENABLE_STRICT_OBJC_MSGSEND = YES;
				ENABLE_TESTABILITY = YES;
				GCC_C_LANGUAGE_STANDARD = gnu11;
				GCC_DYNAMIC_NO_PIC = NO;
				GCC_NO_COMMON_BLOCKS = YES;
				GCC_OPTIMIZATION_LEVEL = 0;
				GCC_PREPROCESSOR_DEFINITIONS = (
					"DEBUG=1",
					"$(inherited)",
				);
				GCC_WARN_64_TO_32_BIT_CONVERSION = YES;
				GCC_WARN_ABOUT_RETURN_TYPE = YES_ERROR;
				GCC_WARN_UNDECLARED_SELECTOR = YES;
				GCC_WARN_UNINITIALIZED_AUTOS = YES_AGGRESSIVE;
				GCC_WARN_UNUSED_FUNCTION = YES;
				GCC_WARN_UNUSED_VARIABLE = YES;
				IPHONEOS_DEPLOYMENT_TARGET = 16.4;
				MTL_ENABLE_DEBUG_INFO = INCLUDE_SOURCE;
				MTL_FAST_MATH = YES;
				ONLY_ACTIVE_ARCH = YES;
				SDKROOT = iphoneos;
				SWIFT_ACTIVE_COMPILATION_CONDITIONS = DEBUG;
				SWIFT_OPTIMIZATION_LEVEL = "-Onone";
			};
			name = Debug;
		};
		77D4B4D82AA491D600823D36 /* Release */ = {
			isa = XCBuildConfiguration;
			buildSettings = {
				ALWAYS_SEARCH_USER_PATHS = NO;
				CLANG_ANALYZER_NONNULL = YES;
				CLANG_ANALYZER_NUMBER_OBJECT_CONVERSION = YES_AGGRESSIVE;
				CLANG_CXX_LANGUAGE_STANDARD = "gnu++20";
				CLANG_ENABLE_MODULES = YES;
				CLANG_ENABLE_OBJC_ARC = YES;
				CLANG_ENABLE_OBJC_WEAK = YES;
				CLANG_WARN_BLOCK_CAPTURE_AUTORELEASING = YES;
				CLANG_WARN_BOOL_CONVERSION = YES;
				CLANG_WARN_COMMA = YES;
				CLANG_WARN_CONSTANT_CONVERSION = YES;
				CLANG_WARN_DEPRECATED_OBJC_IMPLEMENTATIONS = YES;
				CLANG_WARN_DIRECT_OBJC_ISA_USAGE = YES_ERROR;
				CLANG_WARN_DOCUMENTATION_COMMENTS = YES;
				CLANG_WARN_EMPTY_BODY = YES;
				CLANG_WARN_ENUM_CONVERSION = YES;
				CLANG_WARN_INFINITE_RECURSION = YES;
				CLANG_WARN_INT_CONVERSION = YES;
				CLANG_WARN_NON_LITERAL_NULL_CONVERSION = YES;
				CLANG_WARN_OBJC_IMPLICIT_RETAIN_SELF = YES;
				CLANG_WARN_OBJC_LITERAL_CONVERSION = YES;
				CLANG_WARN_OBJC_ROOT_CLASS = YES_ERROR;
				CLANG_WARN_QUOTED_INCLUDE_IN_FRAMEWORK_HEADER = YES;
				CLANG_WARN_RANGE_LOOP_ANALYSIS = YES;
				CLANG_WARN_STRICT_PROTOTYPES = YES;
				CLANG_WARN_SUSPICIOUS_MOVE = YES;
				CLANG_WARN_UNGUARDED_AVAILABILITY = YES_AGGRESSIVE;
				CLANG_WARN_UNREACHABLE_CODE = YES;
				CLANG_WARN__DUPLICATE_METHOD_MATCH = YES;
				COPY_PHASE_STRIP = NO;
				DEBUG_INFORMATION_FORMAT = "dwarf-with-dsym";
				ENABLE_NS_ASSERTIONS = NO;
				ENABLE_STRICT_OBJC_MSGSEND = YES;
				GCC_C_LANGUAGE_STANDARD = gnu11;
				GCC_NO_COMMON_BLOCKS = YES;
				GCC_WARN_64_TO_32_BIT_CONVERSION = YES;
				GCC_WARN_ABOUT_RETURN_TYPE = YES_ERROR;
				GCC_WARN_UNDECLARED_SELECTOR = YES;
				GCC_WARN_UNINITIALIZED_AUTOS = YES_AGGRESSIVE;
				GCC_WARN_UNUSED_FUNCTION = YES;
				GCC_WARN_UNUSED_VARIABLE = YES;
				IPHONEOS_DEPLOYMENT_TARGET = 16.4;
				MTL_ENABLE_DEBUG_INFO = NO;
				MTL_FAST_MATH = YES;
				SDKROOT = iphoneos;
				SWIFT_COMPILATION_MODE = wholemodule;
				SWIFT_OPTIMIZATION_LEVEL = "-O";
				VALIDATE_PRODUCT = YES;
			};
			name = Release;
		};
		77D4B4DA2AA491D600823D36 /* Debug */ = {
			isa = XCBuildConfiguration;
			buildSettings = {
				ASSETCATALOG_COMPILER_APPICON_NAME = AppIcon;
				ASSETCATALOG_COMPILER_GLOBAL_ACCENT_COLOR_NAME = AccentColor;
				CODE_SIGN_STYLE = Automatic;
				CURRENT_PROJECT_VERSION = 1;
				DEVELOPMENT_ASSET_PATHS = "\"AnimatedLogoSwiftUI/Preview Content\"";
				DEVELOPMENT_TEAM = D3F6RWD56C;
				ENABLE_PREVIEWS = YES;
				GENERATE_INFOPLIST_FILE = YES;
				INFOPLIST_KEY_UIApplicationSceneManifest_Generation = YES;
				INFOPLIST_KEY_UIApplicationSupportsIndirectInputEvents = YES;
				INFOPLIST_KEY_UILaunchScreen_Generation = YES;
				INFOPLIST_KEY_UISupportedInterfaceOrientations_iPad = "UIInterfaceOrientationPortrait UIInterfaceOrientationPortraitUpsideDown UIInterfaceOrientationLandscapeLeft UIInterfaceOrientationLandscapeRight";
				INFOPLIST_KEY_UISupportedInterfaceOrientations_iPhone = "UIInterfaceOrientationPortrait UIInterfaceOrientationLandscapeLeft UIInterfaceOrientationLandscapeRight";
				LD_RUNPATH_SEARCH_PATHS = (
					"$(inherited)",
					"@executable_path/Frameworks",
				);
				MARKETING_VERSION = 1.0;
				PRODUCT_BUNDLE_IDENTIFIER = "Fardan-Akhter.AnimatedLogoSwiftUI";
				PRODUCT_NAME = "$(TARGET_NAME)";
				SWIFT_EMIT_LOC_STRINGS = YES;
				SWIFT_VERSION = 5.0;
				TARGETED_DEVICE_FAMILY = "1,2";
			};
			name = Debug;
		};
		77D4B4DB2AA491D600823D36 /* Release */ = {
			isa = XCBuildConfiguration;
			buildSettings = {
				ASSETCATALOG_COMPILER_APPICON_NAME = AppIcon;
				ASSETCATALOG_COMPILER_GLOBAL_ACCENT_COLOR_NAME = AccentColor;
				CODE_SIGN_STYLE = Automatic;
				CURRENT_PROJECT_VERSION = 1;
				DEVELOPMENT_ASSET_PATHS = "\"AnimatedLogoSwiftUI/Preview Content\"";
				DEVELOPMENT_TEAM = D3F6RWD56C;
				ENABLE_PREVIEWS = YES;
				GENERATE_INFOPLIST_FILE = YES;
				INFOPLIST_KEY_UIApplicationSceneManifest_Generation = YES;
				INFOPLIST_KEY_UIApplicationSupportsIndirectInputEvents = YES;
				INFOPLIST_KEY_UILaunchScreen_Generation = YES;
				INFOPLIST_KEY_UISupportedInterfaceOrientations_iPad = "UIInterfaceOrientationPortrait UIInterfaceOrientationPortraitUpsideDown UIInterfaceOrientationLandscapeLeft UIInterfaceOrientationLandscapeRight";
				INFOPLIST_KEY_UISupportedInterfaceOrientations_iPhone = "UIInterfaceOrientationPortrait UIInterfaceOrientationLandscapeLeft UIInterfaceOrientationLandscapeRight";
				LD_RUNPATH_SEARCH_PATHS = (
					"$(inherited)",
					"@executable_path/Frameworks",
				);
				MARKETING_VERSION = 1.0;
				PRODUCT_BUNDLE_IDENTIFIER = "Fardan-Akhter.AnimatedLogoSwiftUI";
				PRODUCT_NAME = "$(TARGET_NAME)";
				SWIFT_EMIT_LOC_STRINGS = YES;
				SWIFT_VERSION = 5.0;
				TARGETED_DEVICE_FAMILY = "1,2";
			};
			name = Release;
		};
/* End XCBuildConfiguration section */

/* Begin XCConfigurationList section */
		77D4B4C62AA491D600823D36 /* Build configuration list for PBXProject "AnimatedLogoSwiftUI" */ = {
			isa = XCConfigurationList;
			buildConfigurations = (
				77D4B4D72AA491D600823D36 /* Debug */,
				77D4B4D82AA491D600823D36 /* Release */,
			);
			defaultConfigurationIsVisible = 0;
			defaultConfigurationName = Release;
		};
		77D4B4D92AA491D600823D36 /* Build configuration list for PBXNativeTarget "AnimatedLogoSwiftUI" */ = {
			isa = XCConfigurationList;
			buildConfigurations = (
				77D4B4DA2AA491D600823D36 /* Debug */,
				77D4B4DB2AA491D600823D36 /* Release */,
			);
			defaultConfigurationIsVisible = 0;
			defaultConfigurationName = Release;
		};
/* End XCConfigurationList section */
	};
	rootObject = 77D4B4C32AA491D600823D36 /* Project object */;
}
